
Microsoft Visual Studio Solution File, Format Version 12.00
# Visual Studio 15
VisualStudioVersion = 15.0.27428.2043
MinimumVisualStudioVersion = 10.0.40219.1
Project("{FAE04EC0-301F-11D3-BF4B-00C04F79EFBC}") = "FinalProjectPortfolio", "FinalProjectPortfolio\FinalProjectPortfolio.csproj", "{C5CE95E7-2FB3-441C-B5C2-91B695045458}"
EndProject
Global
	GlobalSection(SolutionConfigurationPlatforms) = preSolution
		Debug|Any CPU = Debug|Any CPU
		Release|Any CPU = Release|Any CPU
	EndGlobalSection
	GlobalSection(ProjectConfigurationPlatforms) = postSolution
		{C5CE95E7-2FB3-441C-B5C2-91B695045458}.Debug|Any CPU.ActiveCfg = Debug|Any CPU
		{C5CE95E7-2FB3-441C-B5C2-91B695045458}.Debug|Any CPU.Build.0 = Debug|Any CPU
		{C5CE95E7-2FB3-441C-B5C2-91B695045458}.Release|Any CPU.ActiveCfg = Release|Any CPU
		{C5CE95E7-2FB3-441C-B5C2-91B695045458}.Release|Any CPU.Build.0 = Release|Any CPU
	EndGlobalSection
	GlobalSection(SolutionProperties) = preSolution
		HideSolutionNode = FALSE
	EndGlobalSection
	GlobalSection(ExtensibilityGlobals) = postSolution
		SolutionGuid = {94EE4C9A-119C-42C6-BECF-652E7A691E63}
	EndGlobalSection
EndGlobal
